{
  "name": "immutable-arr-methods",
  "version": "1.0.2",
  "lockfileVersion": 2,
  "requires": true,
  "packages": {
    "": {
      "name": "immutable-arr-methods",
      "version": "1.0.2",
      "license": "ISC",
      "dependencies": {
        "immutable-arr-methods": "^1.0.0"
      }
    },
    "node_modules/immutable-arr-methods": {
      "version": "1.0.0",
      "resolved": "https://registry.npmjs.org/immutable-arr-methods/-/immutable-arr-methods-1.0.0.tgz",
      "integrity": "sha512-vqe7PM2yHjFlAqSw9SfUmoSRo4Z8TDkHgrBO1Jct6A7wKclsgk0wOovuu8z78BmxgxMNXL2F0gxOGuJIK9zCvg=="
    }
  },
  "dependencies": {
    "immutable-arr-methods": {
      "version": "1.0.0",
      "resolved": "https://registry.npmjs.org/immutable-arr-methods/-/immutable-arr-methods-1.0.0.tgz",
      "integrity": "sha512-vqe7PM2yHjFlAqSw9SfUmoSRo4Z8TDkHgrBO1Jct6A7wKclsgk0wOovuu8z78BmxgxMNXL2F0gxOGuJIK9zCvg=="
    }
  }
}
